
Microsoft Visual Studio Solution File, Format Version 12.00
# Visual Studio Version 16
VisualStudioVersion = 16.0.30204.135
MinimumVisualStudioVersion = 10.0.40219.1
Project("{9A19103F-16F7-4668-BE54-9A1E7A4F7556}") = "Auth.Service", "Auth.Service\Auth.Service.csproj", "{3324054E-7360-42F4-B027-056C8A12651E}"
EndProject
Project("{9A19103F-16F7-4668-BE54-9A1E7A4F7556}") = "Auth.Service.Domain", "Auth.Service.Domain\Auth.Service.Domain.csproj", "{1B37D850-6869-4348-9D4F-56BAA2D8E51E}"
EndProject
Project("{9A19103F-16F7-4668-BE54-9A1E7A4F7556}") = "Auth.Service.Application", "Auth.Service.Application\Auth.Service.Application.csproj", "{CC388FED-1BB4-40B6-927D-A377E00E5AA9}"
EndProject
Project("{9A19103F-16F7-4668-BE54-9A1E7A4F7556}") = "Auth.Service.Persistence", "Auth.Service.Persistence\Auth.Service.Persistence.csproj", "{712FE3BD-5E88-4BD2-B52F-7C4E70DDDC7D}"
EndProject
Project("{FAE04EC0-301F-11D3-BF4B-00C04F79EFBC}") = "General.Auth.Account.Domain", "..\General\General.Auth.Account.Domain\General.Auth.Account.Domain\General.Auth.Account.Domain.csproj", "{3A323AAA-1258-4973-A616-6CE2CFB3349D}"
EndProject
Project("{9A19103F-16F7-4668-BE54-9A1E7A4F7556}") = "General.EF.Core.Function", "General.EF.Core.Function\General.EF.Core.Function.csproj", "{46B6B262-13CB-45F1-BE32-DAC11EEB7593}"
EndProject
Project("{2150E333-8FDC-42A3-9474-1A3956D46DE8}") = "General", "General", "{1BF5B685-9BB8-4AD6-A82C-D893CD90594D}"
EndProject
Project("{FAE04EC0-301F-11D3-BF4B-00C04F79EFBC}") = "General.Validifier", "..\General\General.Validifier\General.Validifier\General.Validifier.csproj", "{45974199-5B50-4894-BF38-A15FAE599E62}"
EndProject
Project("{9A19103F-16F7-4668-BE54-9A1E7A4F7556}") = "General.EF.Core.Function.Domain", "General.EF.Core.Function.Domain\General.EF.Core.Function.Domain.csproj", "{CED797FE-FFFC-4B1F-BB5A-73731D4274F5}"
EndProject
Global
	GlobalSection(SolutionConfigurationPlatforms) = preSolution
		Debug|Any CPU = Debug|Any CPU
		Release|Any CPU = Release|Any CPU
	EndGlobalSection
	GlobalSection(ProjectConfigurationPlatforms) = postSolution
		{3324054E-7360-42F4-B027-056C8A12651E}.Debug|Any CPU.ActiveCfg = Debug|Any CPU
		{3324054E-7360-42F4-B027-056C8A12651E}.Debug|Any CPU.Build.0 = Debug|Any CPU
		{3324054E-7360-42F4-B027-056C8A12651E}.Release|Any CPU.ActiveCfg = Release|Any CPU
		{3324054E-7360-42F4-B027-056C8A12651E}.Release|Any CPU.Build.0 = Release|Any CPU
		{1B37D850-6869-4348-9D4F-56BAA2D8E51E}.Debug|Any CPU.ActiveCfg = Debug|Any CPU
		{1B37D850-6869-4348-9D4F-56BAA2D8E51E}.Debug|Any CPU.Build.0 = Debug|Any CPU
		{1B37D850-6869-4348-9D4F-56BAA2D8E51E}.Release|Any CPU.ActiveCfg = Release|Any CPU
		{1B37D850-6869-4348-9D4F-56BAA2D8E51E}.Release|Any CPU.Build.0 = Release|Any CPU
		{CC388FED-1BB4-40B6-927D-A377E00E5AA9}.Debug|Any CPU.ActiveCfg = Debug|Any CPU
		{CC388FED-1BB4-40B6-927D-A377E00E5AA9}.Debug|Any CPU.Build.0 = Debug|Any CPU
		{CC388FED-1BB4-40B6-927D-A377E00E5AA9}.Release|Any CPU.ActiveCfg = Release|Any CPU
		{CC388FED-1BB4-40B6-927D-A377E00E5AA9}.Release|Any CPU.Build.0 = Release|Any CPU
		{712FE3BD-5E88-4BD2-B52F-7C4E70DDDC7D}.Debug|Any CPU.ActiveCfg = Debug|Any CPU
		{712FE3BD-5E88-4BD2-B52F-7C4E70DDDC7D}.Debug|Any CPU.Build.0 = Debug|Any CPU
		{712FE3BD-5E88-4BD2-B52F-7C4E70DDDC7D}.Release|Any CPU.ActiveCfg = Release|Any CPU
		{712FE3BD-5E88-4BD2-B52F-7C4E70DDDC7D}.Release|Any CPU.Build.0 = Release|Any CPU
		{3A323AAA-1258-4973-A616-6CE2CFB3349D}.Debug|Any CPU.ActiveCfg = Debug|Any CPU
		{3A323AAA-1258-4973-A616-6CE2CFB3349D}.Debug|Any CPU.Build.0 = Debug|Any CPU
		{3A323AAA-1258-4973-A616-6CE2CFB3349D}.Release|Any CPU.ActiveCfg = Release|Any CPU
		{3A323AAA-1258-4973-A616-6CE2CFB3349D}.Release|Any CPU.Build.0 = Release|Any CPU
		{46B6B262-13CB-45F1-BE32-DAC11EEB7593}.Debug|Any CPU.ActiveCfg = Debug|Any CPU
		{46B6B262-13CB-45F1-BE32-DAC11EEB7593}.Debug|Any CPU.Build.0 = Debug|Any CPU
		{46B6B262-13CB-45F1-BE32-DAC11EEB7593}.Release|Any CPU.ActiveCfg = Release|Any CPU
		{46B6B262-13CB-45F1-BE32-DAC11EEB7593}.Release|Any CPU.Build.0 = Release|Any CPU
		{45974199-5B50-4894-BF38-A15FAE599E62}.Debug|Any CPU.ActiveCfg = Debug|Any CPU
		{45974199-5B50-4894-BF38-A15FAE599E62}.Debug|Any CPU.Build.0 = Debug|Any CPU
		{45974199-5B50-4894-BF38-A15FAE599E62}.Release|Any CPU.ActiveCfg = Release|Any CPU
		{45974199-5B50-4894-BF38-A15FAE599E62}.Release|Any CPU.Build.0 = Release|Any CPU
		{CED797FE-FFFC-4B1F-BB5A-73731D4274F5}.Debug|Any CPU.ActiveCfg = Debug|Any CPU
		{CED797FE-FFFC-4B1F-BB5A-73731D4274F5}.Debug|Any CPU.Build.0 = Debug|Any CPU
		{CED797FE-FFFC-4B1F-BB5A-73731D4274F5}.Release|Any CPU.ActiveCfg = Release|Any CPU
		{CED797FE-FFFC-4B1F-BB5A-73731D4274F5}.Release|Any CPU.Build.0 = Release|Any CPU
	EndGlobalSection
	GlobalSection(SolutionProperties) = preSolution
		HideSolutionNode = FALSE
	EndGlobalSection
	GlobalSection(NestedProjects) = preSolution
		{3A323AAA-1258-4973-A616-6CE2CFB3349D} = {1BF5B685-9BB8-4AD6-A82C-D893CD90594D}
		{46B6B262-13CB-45F1-BE32-DAC11EEB7593} = {1BF5B685-9BB8-4AD6-A82C-D893CD90594D}
		{45974199-5B50-4894-BF38-A15FAE599E62} = {1BF5B685-9BB8-4AD6-A82C-D893CD90594D}
		{CED797FE-FFFC-4B1F-BB5A-73731D4274F5} = {1BF5B685-9BB8-4AD6-A82C-D893CD90594D}
	EndGlobalSection
	GlobalSection(ExtensibilityGlobals) = postSolution
		SolutionGuid = {D70144BE-44F3-4B63-8E17-DC02ECC53EC5}
	EndGlobalSection
EndGlobal
